schema: '2.0'
stages:
  train:
    cmd: pipenv run python src/train.py
    deps:
    - path: data/raw/first_batch
      hash: md5
      md5: b083d0574c98a9a1008e936901dc28a2.dir
      size: 874460508
      nfiles: 52261
    - path: src/train.py
      hash: md5
      md5: 5ae93a2fb83ab84230984e1c7e758a13
      size: 6705
    outs:
    - path: model/discriminator.h5
      hash: md5
      md5: 24d5fd7d8fd3117b1d9ded7430e7b654
      size: 997080
    - path: model/generator.h5
      hash: md5
      md5: c434e27cc35e1fdcde64d311191e9858
      size: 15275360
  evaluate:
    cmd: pipenv run python src/evaluate.py
    deps:
    - path: model/discriminator.h5
      hash: md5
      md5: 24d5fd7d8fd3117b1d9ded7430e7b654
      size: 997080
    - path: model/generator.h5
      hash: md5
      md5: c434e27cc35e1fdcde64d311191e9858
      size: 15275360
    - path: src/evaluate.py
      hash: md5
      md5: a6e7b8d68e4f7711667b0b98079557d7
      size: 1928
    outs:
    - path: metrics/metrics.json
      hash: md5
      md5: 132f2b57013192a46aec5debc5272a40
      size: 231
