schema: '2.0'
stages:
  train:
    cmd: pipenv run python src/train.py
    deps:
    - path: data/raw/first_batch
      hash: md5
      md5: b083d0574c98a9a1008e936901dc28a2.dir
      size: 874460508
      nfiles: 52261
    - path: src/train.py
      hash: md5
      md5: 6dd57ac92d955498bc121bd072de6ca6
      size: 6540
    outs:
    - path: model/discriminator.h5
      hash: md5
      md5: 0037aa30788cbf4c792b01c5938cdcce
      size: 11114808
    - path: model/generator.h5
      hash: md5
      md5: e02095ebed9ea815b7c5ba6c152928ff
      size: 15275360
  evaluate:
    cmd: pipenv run python src/evaluate.py
    deps:
    - path: model/discriminator.h5
      hash: md5
      md5: 0037aa30788cbf4c792b01c5938cdcce
      size: 11114808
    - path: model/generator.h5
      hash: md5
      md5: e02095ebed9ea815b7c5ba6c152928ff
      size: 15275360
    - path: src/evaluate.py
      hash: md5
      md5: a6e7b8d68e4f7711667b0b98079557d7
      size: 1928
    outs:
    - path: metrics/metrics.json
      hash: md5
      md5: a9d529354f9aaf386b85f2595262100d
      size: 228
