schema: '2.0'
stages:
  train:
    cmd: pipenv run python src/train.py
    deps:
    - path: data/raw/first_batch
      hash: md5
      md5: efa5b1870775f03ec727bd221ef5ed80.dir
      size: 1375177248
      nfiles: 82219
    - path: src/train.py
      hash: md5
      md5: 892f05eb890f25208b097c4e6469fa93
      size: 6927
    outs:
    - path: model/discriminator.h5
      hash: md5
      md5: cdaf81ae6cc72b573e45151bc32142af
      size: 17309592
    - path: model/generator.h5
      hash: md5
      md5: f256a8cf009c0b9ca3674c57003a3182
      size: 27852696
  evaluate:
    cmd: pipenv run python src/evaluate.py
    deps:
    - path: model/discriminator.h5
      hash: md5
      md5: cdaf81ae6cc72b573e45151bc32142af
      size: 17309592
    - path: model/generator.h5
      hash: md5
      md5: f256a8cf009c0b9ca3674c57003a3182
      size: 27852696
    - path: src/evaluate.py
      hash: md5
      md5: a6e7b8d68e4f7711667b0b98079557d7
      size: 1928
    outs:
    - path: metrics/metrics.json
      hash: md5
      md5: 897b8ddea7b558bf980e016df331290e
      size: 229
